// !$*UTF8*$!
{
	archiveVersion = 1;
	classes = {
	};
	objectVersion = 77;
	objects = {

/* Begin PBXBuildFile section */
		31B8A00F2CE8B8E100C6298D /* File.swift in Sources */ = {isa = PBXBuildFile; fileRef = 31B8A00E2CE8B8E100C6298D /* File.swift */; };
/* End PBXBuildFile section */

/* Begin PBXContainerItemProxy section */
		31B89FD02CE7E8F800C6298D /* PBXContainerItemProxy */ = {
			isa = PBXContainerItemProxy;
			containerPortal = 31B89FB62CE7E8F700C6298D /* Project object */;
			proxyType = 1;
			remoteGlobalIDString = 31B89FBD2CE7E8F700C6298D;
			remoteInfo = DatafileOrganizer;
		};
		31B89FDA2CE7E8F800C6298D /* PBXContainerItemProxy */ = {
			isa = PBXContainerItemProxy;
			containerPortal = 31B89FB62CE7E8F700C6298D /* Project object */;
			proxyType = 1;
			remoteGlobalIDString = 31B89FBD2CE7E8F700C6298D;
			remoteInfo = DatafileOrganizer;
		};
/* End PBXContainerItemProxy section */

/* Begin PBXFileReference section */
		31B89FBE2CE7E8F700C6298D /* DatafileOrganizer.app */ = {isa = PBXFileReference; explicitFileType = wrapper.application; includeInIndex = 0; path = DatafileOrganizer.app; sourceTree = BUILT_PRODUCTS_DIR; };
		31B89FCF2CE7E8F800C6298D /* DatafileOrganizerTests.xctest */ = {isa = PBXFileReference; explicitFileType = wrapper.cfbundle; includeInIndex = 0; path = DatafileOrganizerTests.xctest; sourceTree = BUILT_PRODUCTS_DIR; };
		31B89FD92CE7E8F800C6298D /* DatafileOrganizerUITests.xctest */ = {isa = PBXFileReference; explicitFileType = wrapper.cfbundle; includeInIndex = 0; path = DatafileOrganizerUITests.xctest; sourceTree = BUILT_PRODUCTS_DIR; };
		31B8A00E2CE8B8E100C6298D /* File.swift */ = {isa = PBXFileReference; lastKnownFileType = sourcecode.swift; path = File.swift; sourceTree = "<group>"; };
/* End PBXFileReference section */

/* Begin PBXFileSystemSynchronizedRootGroup section */
		31B89FC02CE7E8F700C6298D /* DatafileOrganizer */ = {
			isa = PBXFileSystemSynchronizedRootGroup;
			path = DatafileOrganizer;
			sourceTree = "<group>";
		};
		31B89FD22CE7E8F800C6298D /* DatafileOrganizerTests */ = {
			isa = PBXFileSystemSynchronizedRootGroup;
			path = DatafileOrganizerTests;
			sourceTree = "<group>";
		};
		31B89FDC2CE7E8F800C6298D /* DatafileOrganizerUITests */ = {
			isa = PBXFileSystemSynchronizedRootGroup;
			path = DatafileOrganizerUITests;
			sourceTree = "<group>";
		};
/* End PBXFileSystemSynchronizedRootGroup section */

/* Begin PBXFrameworksBuildPhase section */
		31B89FBB2CE7E8F700C6298D /* Frameworks */ = {
			isa = PBXFrameworksBuildPhase;
			buildActionMask = 2147483647;
			files = (
			);
			runOnlyForDeploymentPostprocessing = 0;
		};
		31B89FCC2CE7E8F800C6298D /* Frameworks */ = {
			isa = PBXFrameworksBuildPhase;
			buildActionMask = 2147483647;
			files = (
			);
			runOnlyForDeploymentPostprocessing = 0;
		};
		31B89FD62CE7E8F800C6298D /* Frameworks */ = {
			isa = PBXFrameworksBuildPhase;
			buildActionMask = 2147483647;
			files = (
			);
			runOnlyForDeploymentPostprocessing = 0;
		};
/* End PBXFrameworksBuildPhase section */

/* Begin PBXGroup section */
		31B89FB52CE7E8F700C6298D = {
			isa = PBXGroup;
			children = (
				31B89FC02CE7E8F700C6298D /* DatafileOrganizer */,
				31B89FD22CE7E8F800C6298D /* DatafileOrganizerTests */,
				31B89FDC2CE7E8F800C6298D /* DatafileOrganizerUITests */,
				31B89FBF2CE7E8F700C6298D /* Products */,
				31B8A00E2CE8B8E100C6298D /* File.swift */,
			);
			sourceTree = "<group>";
		};
		31B89FBF2CE7E8F700C6298D /* Products */ = {
			isa = PBXGroup;
			children = (
				31B89FBE2CE7E8F700C6298D /* DatafileOrganizer.app */,
				31B89FCF2CE7E8F800C6298D /* DatafileOrganizerTests.xctest */,
				31B89FD92CE7E8F800C6298D /* DatafileOrganizerUITests.xctest */,
			);
			name = Products;
			sourceTree = "<group>";
		};
/* End PBXGroup section */

/* Begin PBXNativeTarget section */
		31B89FBD2CE7E8F700C6298D /* DatafileOrganizer */ = {
			isa = PBXNativeTarget;
			buildConfigurationList = 31B89FE32CE7E8F800C6298D /* Build configuration list for PBXNativeTarget "DatafileOrganizer" */;
			buildPhases = (
				31B89FBA2CE7E8F700C6298D /* Sources */,
				31B89FBB2CE7E8F700C6298D /* Frameworks */,
				31B89FBC2CE7E8F700C6298D /* Resources */,
			);
			buildRules = (
			);
			dependencies = (
			);
			fileSystemSynchronizedGroups = (
				31B89FC02CE7E8F700C6298D /* DatafileOrganizer */,
			);
			name = DatafileOrganizer;
			packageProductDependencies = (
			);
			productName = DatafileOrganizer;
			productReference = 31B89FBE2CE7E8F700C6298D /* DatafileOrganizer.app */;
			productType = "com.apple.product-type.application";
		};
		31B89FCE2CE7E8F800C6298D /* DatafileOrganizerTests */ = {
			isa = PBXNativeTarget;
			buildConfigurationList = 31B89FE62CE7E8F800C6298D /* Build configuration list for PBXNativeTarget "DatafileOrganizerTests" */;
			buildPhases = (
				31B89FCB2CE7E8F800C6298D /* Sources */,
				31B89FCC2CE7E8F800C6298D /* Frameworks */,
				31B89FCD2CE7E8F800C6298D /* Resources */,
			);
			buildRules = (
			);
			dependencies = (
				31B89FD12CE7E8F800C6298D /* PBXTargetDependency */,
			);
			fileSystemSynchronizedGroups = (
				31B89FD22CE7E8F800C6298D /* DatafileOrganizerTests */,
			);
			name = DatafileOrganizerTests;
			packageProductDependencies = (
			);
			productName = DatafileOrganizerTests;
			productReference = 31B89FCF2CE7E8F800C6298D /* DatafileOrganizerTests.xctest */;
			productType = "com.apple.product-type.bundle.unit-test";
		};
		31B89FD82CE7E8F800C6298D /* DatafileOrganizerUITests */ = {
			isa = PBXNativeTarget;
			buildConfigurationList = 31B89FE92CE7E8F800C6298D /* Build configuration list for PBXNativeTarget "DatafileOrganizerUITests" */;
			buildPhases = (
				31B89FD52CE7E8F800C6298D /* Sources */,
				31B89FD62CE7E8F800C6298D /* Frameworks */,
				31B89FD72CE7E8F800C6298D /* Resources */,
			);
			buildRules = (
			);
			dependencies = (
				31B89FDB2CE7E8F800C6298D /* PBXTargetDependency */,
			);
			fileSystemSynchronizedGroups = (
				31B89FDC2CE7E8F800C6298D /* DatafileOrganizerUITests */,
			);
			name = DatafileOrganizerUITests;
			packageProductDependencies = (
			);
			productName = DatafileOrganizerUITests;
			productReference = 31B89FD92CE7E8F800C6298D /* DatafileOrganizerUITests.xctest */;
			productType = "com.apple.product-type.bundle.ui-testing";
		};
/* End PBXNativeTarget section */

/* Begin PBXProject section */
		31B89FB62CE7E8F700C6298D /* Project object */ = {
			isa = PBXProject;
			attributes = {
				BuildIndependentTargetsInParallel = 1;
				LastSwiftUpdateCheck = 1610;
				LastUpgradeCheck = 1610;
				TargetAttributes = {
					31B89FBD2CE7E8F700C6298D = {
						CreatedOnToolsVersion = 16.1;
					};
					31B89FCE2CE7E8F800C6298D = {
						CreatedOnToolsVersion = 16.1;
						TestTargetID = 31B89FBD2CE7E8F700C6298D;
					};
					31B89FD82CE7E8F800C6298D = {
						CreatedOnToolsVersion = 16.1;
						TestTargetID = 31B89FBD2CE7E8F700C6298D;
					};
				};
			};
			buildConfigurationList = 31B89FB92CE7E8F700C6298D /* Build configuration list for PBXProject "DatafileOrganizer" */;
			developmentRegion = en;
			hasScannedForEncodings = 0;
			knownRegions = (
				en,
				Base,
			);
			mainGroup = 31B89FB52CE7E8F700C6298D;
			minimizedProjectReferenceProxies = 1;
			preferredProjectObjectVersion = 77;
			productRefGroup = 31B89FBF2CE7E8F700C6298D /* Products */;
			projectDirPath = "";
			projectRoot = "";
			targets = (
				31B89FBD2CE7E8F700C6298D /* DatafileOrganizer */,
				31B89FCE2CE7E8F800C6298D /* DatafileOrganizerTests */,
				31B89FD82CE7E8F800C6298D /* DatafileOrganizerUITests */,
			);
		};
/* End PBXProject section */

/* Begin PBXResourcesBuildPhase section */
		31B89FBC2CE7E8F700C6298D /* Resources */ = {
			isa = PBXResourcesBuildPhase;
			buildActionMask = 2147483647;
			files = (
			);
			runOnlyForDeploymentPostprocessing = 0;
		};
		31B89FCD2CE7E8F800C6298D /* Resources */ = {
			isa = PBXResourcesBuildPhase;
			buildActionMask = 2147483647;
			files = (
			);
			runOnlyForDeploymentPostprocessing = 0;
		};
		31B89FD72CE7E8F800C6298D /* Resources */ = {
			isa = PBXResourcesBuildPhase;
			buildActionMask = 2147483647;
			files = (
			);
			runOnlyForDeploymentPostprocessing = 0;
		};
/* End PBXResourcesBuildPhase section */

/* Begin PBXSourcesBuildPhase section */
		31B89FBA2CE7E8F700C6298D /* Sources */ = {
			isa = PBXSourcesBuildPhase;
			buildActionMask = 2147483647;
			files = (
				31B8A00F2CE8B8E100C6298D /* File.swift in Sources */,
			);
			runOnlyForDeploymentPostprocessing = 0;
		};
		31B89FCB2CE7E8F800C6298D /* Sources */ = {
			isa = PBXSourcesBuildPhase;
			buildActionMask = 2147483647;
			files = (
			);
			runOnlyForDeploymentPostprocessing = 0;
		};
		31B89FD52CE7E8F800C6298D /* Sources */ = {
			isa = PBXSourcesBuildPhase;
			buildActionMask = 2147483647;
			files = (
			);
			runOnlyForDeploymentPostprocessing = 0;
		};
/* End PBXSourcesBuildPhase section */

/* Begin PBXTargetDependency section */
		31B89FD12CE7E8F800C6298D /* PBXTargetDependency */ = {
			isa = PBXTargetDependency;
			target = 31B89FBD2CE7E8F700C6298D /* DatafileOrganizer */;
			targetProxy = 31B89FD02CE7E8F800C6298D /* PBXContainerItemProxy */;
		};
		31B89FDB2CE7E8F800C6298D /* PBXTargetDependency */ = {
			isa = PBXTargetDependency;
			target = 31B89FBD2CE7E8F700C6298D /* DatafileOrganizer */;
			targetProxy = 31B89FDA2CE7E8F800C6298D /* PBXContainerItemProxy */;
		};
/* End PBXTargetDependency section */

/* Begin XCBuildConfiguration section */
		31B89FE12CE7E8F800C6298D /* Debug */ = {
			isa = XCBuildConfiguration;
			buildSettings = {
				ALWAYS_SEARCH_USER_PATHS = NO;
				ASSETCATALOG_COMPILER_GENERATE_SWIFT_ASSET_SYMBOL_EXTENSIONS = YES;
				CLANG_ANALYZER_NONNULL = YES;
				CLANG_ANALYZER_NUMBER_OBJECT_CONVERSION = YES_AGGRESSIVE;
				CLANG_CXX_LANGUAGE_STANDARD = "gnu++20";
				CLANG_ENABLE_MODULES = YES;
				CLANG_ENABLE_OBJC_ARC = YES;
				CLANG_ENABLE_OBJC_WEAK = YES;
				CLANG_WARN_BLOCK_CAPTURE_AUTORELEASING = YES;
				CLANG_WARN_BOOL_CONVERSION = YES;
				CLANG_WARN_COMMA = YES;
				CLANG_WARN_CONSTANT_CONVERSION = YES;
				CLANG_WARN_DEPRECATED_OBJC_IMPLEMENTATIONS = YES;
				CLANG_WARN_DIRECT_OBJC_ISA_USAGE = YES_ERROR;
				CLANG_WARN_DOCUMENTATION_COMMENTS = YES;
				CLANG_WARN_EMPTY_BODY = YES;
				CLANG_WARN_ENUM_CONVERSION = YES;
				CLANG_WARN_INFINITE_RECURSION = YES;
				CLANG_WARN_INT_CONVERSION = YES;
				CLANG_WARN_NON_LITERAL_NULL_CONVERSION = YES;
				CLANG_WARN_OBJC_IMPLICIT_RETAIN_SELF = YES;
				CLANG_WARN_OBJC_LITERAL_CONVERSION = YES;
				CLANG_WARN_OBJC_ROOT_CLASS = YES_ERROR;
				CLANG_WARN_QUOTED_INCLUDE_IN_FRAMEWORK_HEADER = YES;
				CLANG_WARN_RANGE_LOOP_ANALYSIS = YES;
				CLANG_WARN_STRICT_PROTOTYPES = YES;
				CLANG_WARN_SUSPICIOUS_MOVE = YES;
				CLANG_WARN_UNGUARDED_AVAILABILITY = YES_AGGRESSIVE;
				CLANG_WARN_UNREACHABLE_CODE = YES;
				CLANG_WARN__DUPLICATE_METHOD_MATCH = YES;
				COPY_PHASE_STRIP = NO;
				DEBUG_INFORMATION_FORMAT = dwarf;
				ENABLE_STRICT_OBJC_MSGSEND = YES;
				ENABLE_TESTABILITY = YES;
				ENABLE_USER_SCRIPT_SANDBOXING = YES;
				GCC_C_LANGUAGE_STANDARD = gnu17;
				GCC_DYNAMIC_NO_PIC = NO;
				GCC_NO_COMMON_BLOCKS = YES;
				GCC_OPTIMIZATION_LEVEL = 0;
				GCC_PREPROCESSOR_DEFINITIONS = (
					"DEBUG=1",
					"$(inherited)",
				);
				GCC_WARN_64_TO_32_BIT_CONVERSION = YES;
				GCC_WARN_ABOUT_RETURN_TYPE = YES_ERROR;
				GCC_WARN_UNDECLARED_SELECTOR = YES;
				GCC_WARN_UNINITIALIZED_AUTOS = YES_AGGRESSIVE;
				GCC_WARN_UNUSED_FUNCTION = YES;
				GCC_WARN_UNUSED_VARIABLE = YES;
				LOCALIZATION_PREFERS_STRING_CATALOGS = YES;
				MACOSX_DEPLOYMENT_TARGET = 15.1;
				MTL_ENABLE_DEBUG_INFO = INCLUDE_SOURCE;
				MTL_FAST_MATH = YES;
				ONLY_ACTIVE_ARCH = YES;
				SDKROOT = macosx;
				SWIFT_ACTIVE_COMPILATION_CONDITIONS = "DEBUG $(inherited)";
				SWIFT_OPTIMIZATION_LEVEL = "-Onone";
			};
			name = Debug;
		};
		31B89FE22CE7E8F800C6298D /* Release */ = {
			isa = XCBuildConfiguration;
			buildSettings = {
				ALWAYS_SEARCH_USER_PATHS = NO;
				ASSETCATALOG_COMPILER_GENERATE_SWIFT_ASSET_SYMBOL_EXTENSIONS = YES;
				CLANG_ANALYZER_NONNULL = YES;
				CLANG_ANALYZER_NUMBER_OBJECT_CONVERSION = YES_AGGRESSIVE;
				CLANG_CXX_LANGUAGE_STANDARD = "gnu++20";
				CLANG_ENABLE_MODULES = YES;
				CLANG_ENABLE_OBJC_ARC = YES;
				CLANG_ENABLE_OBJC_WEAK = YES;
				CLANG_WARN_BLOCK_CAPTURE_AUTORELEASING = YES;
				CLANG_WARN_BOOL_CONVERSION = YES;
				CLANG_WARN_COMMA = YES;
				CLANG_WARN_CONSTANT_CONVERSION = YES;
				CLANG_WARN_DEPRECATED_OBJC_IMPLEMENTATIONS = YES;
				CLANG_WARN_DIRECT_OBJC_ISA_USAGE = YES_ERROR;
				CLANG_WARN_DOCUMENTATION_COMMENTS = YES;
				CLANG_WARN_EMPTY_BODY = YES;
				CLANG_WARN_ENUM_CONVERSION = YES;
				CLANG_WARN_INFINITE_RECURSION = YES;
				CLANG_WARN_INT_CONVERSION = YES;
				CLANG_WARN_NON_LITERAL_NULL_CONVERSION = YES;
				CLANG_WARN_OBJC_IMPLICIT_RETAIN_SELF = YES;
				CLANG_WARN_OBJC_LITERAL_CONVERSION = YES;
				CLANG_WARN_OBJC_ROOT_CLASS = YES_ERROR;
				CLANG_WARN_QUOTED_INCLUDE_IN_FRAMEWORK_HEADER = YES;
				CLANG_WARN_RANGE_LOOP_ANALYSIS = YES;
				CLANG_WARN_STRICT_PROTOTYPES = YES;
				CLANG_WARN_SUSPICIOUS_MOVE = YES;
				CLANG_WARN_UNGUARDED_AVAILABILITY = YES_AGGRESSIVE;
				CLANG_WARN_UNREACHABLE_CODE = YES;
				CLANG_WARN__DUPLICATE_METHOD_MATCH = YES;
				COPY_PHASE_STRIP = NO;
				DEBUG_INFORMATION_FORMAT = "dwarf-with-dsym";
				ENABLE_NS_ASSERTIONS = NO;
				ENABLE_STRICT_OBJC_MSGSEND = YES;
				ENABLE_USER_SCRIPT_SANDBOXING = YES;
				GCC_C_LANGUAGE_STANDARD = gnu17;
				GCC_NO_COMMON_BLOCKS = YES;
				GCC_WARN_64_TO_32_BIT_CONVERSION = YES;
				GCC_WARN_ABOUT_RETURN_TYPE = YES_ERROR;
				GCC_WARN_UNDECLARED_SELECTOR = YES;
				GCC_WARN_UNINITIALIZED_AUTOS = YES_AGGRESSIVE;
				GCC_WARN_UNUSED_FUNCTION = YES;
				GCC_WARN_UNUSED_VARIABLE = YES;
				LOCALIZATION_PREFERS_STRING_CATALOGS = YES;
				MACOSX_DEPLOYMENT_TARGET = 15.1;
				MTL_ENABLE_DEBUG_INFO = NO;
				MTL_FAST_MATH = YES;
				SDKROOT = macosx;
				SWIFT_COMPILATION_MODE = wholemodule;
			};
			name = Release;
		};
		31B89FE42CE7E8F800C6298D /* Debug */ = {
			isa = XCBuildConfiguration;
			buildSettings = {
				ASSETCATALOG_COMPILER_APPICON_NAME = AppIcon;
				ASSETCATALOG_COMPILER_GLOBAL_ACCENT_COLOR_NAME = AccentColor;
				CODE_SIGN_ENTITLEMENTS = DatafileOrganizer/DatafileOrganizer.entitlements;
				CODE_SIGN_STYLE = Automatic;
				COMBINE_HIDPI_IMAGES = YES;
				CURRENT_PROJECT_VERSION = 1;
				DEVELOPMENT_ASSET_PATHS = "\"DatafileOrganizer/Preview Content\"";
				ENABLE_PREVIEWS = YES;
				GENERATE_INFOPLIST_FILE = YES;
				INFOPLIST_KEY_NSHumanReadableCopyright = "";
				LD_RUNPATH_SEARCH_PATHS = (
					"$(inherited)",
					"@executable_path/../Frameworks",
				);
				MARKETING_VERSION = 1.0;
				PRODUCT_BUNDLE_IDENTIFIER = name.mm.DatafileOrganizer;
				PRODUCT_NAME = "$(TARGET_NAME)";
				SWIFT_EMIT_LOC_STRINGS = YES;
				SWIFT_VERSION = 5.0;
			};
			name = Debug;
		};
		31B89FE52CE7E8F800C6298D /* Release */ = {
			isa = XCBuildConfiguration;
			buildSettings = {
				ASSETCATALOG_COMPILER_APPICON_NAME = AppIcon;
				ASSETCATALOG_COMPILER_GLOBAL_ACCENT_COLOR_NAME = AccentColor;
				CODE_SIGN_ENTITLEMENTS = DatafileOrganizer/DatafileOrganizer.entitlements;
				CODE_SIGN_STYLE = Automatic;
				COMBINE_HIDPI_IMAGES = YES;
				CURRENT_PROJECT_VERSION = 1;
				DEVELOPMENT_ASSET_PATHS = "\"DatafileOrganizer/Preview Content\"";
				ENABLE_PREVIEWS = YES;
				GENERATE_INFOPLIST_FILE = YES;
				INFOPLIST_KEY_NSHumanReadableCopyright = "";
				LD_RUNPATH_SEARCH_PATHS = (
					"$(inherited)",
					"@executable_path/../Frameworks",
				);
				MARKETING_VERSION = 1.0;
				PRODUCT_BUNDLE_IDENTIFIER = name.mm.DatafileOrganizer;
				PRODUCT_NAME = "$(TARGET_NAME)";
				SWIFT_EMIT_LOC_STRINGS = YES;
				SWIFT_VERSION = 5.0;
			};
			name = Release;
		};
		31B89FE72CE7E8F800C6298D /* Debug */ = {
			isa = XCBuildConfiguration;
			buildSettings = {
				BUNDLE_LOADER = "$(TEST_HOST)";
				CODE_SIGN_STYLE = Automatic;
				CURRENT_PROJECT_VERSION = 1;
				GENERATE_INFOPLIST_FILE = YES;
				MACOSX_DEPLOYMENT_TARGET = 15.1;
				MARKETING_VERSION = 1.0;
				PRODUCT_BUNDLE_IDENTIFIER = name.mm.DatafileOrganizerTests;
				PRODUCT_NAME = "$(TARGET_NAME)";
				SWIFT_EMIT_LOC_STRINGS = NO;
				SWIFT_VERSION = 5.0;
				TEST_HOST = "$(BUILT_PRODUCTS_DIR)/DatafileOrganizer.app/$(BUNDLE_EXECUTABLE_FOLDER_PATH)/DatafileOrganizer";
			};
			name = Debug;
		};
		31B89FE82CE7E8F800C6298D /* Release */ = {
			isa = XCBuildConfiguration;
			buildSettings = {
				BUNDLE_LOADER = "$(TEST_HOST)";
				CODE_SIGN_STYLE = Automatic;
				CURRENT_PROJECT_VERSION = 1;
				GENERATE_INFOPLIST_FILE = YES;
				MACOSX_DEPLOYMENT_TARGET = 15.1;
				MARKETING_VERSION = 1.0;
				PRODUCT_BUNDLE_IDENTIFIER = name.mm.DatafileOrganizerTests;
				PRODUCT_NAME = "$(TARGET_NAME)";
				SWIFT_EMIT_LOC_STRINGS = NO;
				SWIFT_VERSION = 5.0;
				TEST_HOST = "$(BUILT_PRODUCTS_DIR)/DatafileOrganizer.app/$(BUNDLE_EXECUTABLE_FOLDER_PATH)/DatafileOrganizer";
			};
			name = Release;
		};
		31B89FEA2CE7E8F800C6298D /* Debug */ = {
			isa = XCBuildConfiguration;
			buildSettings = {
				CODE_SIGN_STYLE = Automatic;
				CURRENT_PROJECT_VERSION = 1;
				GENERATE_INFOPLIST_FILE = YES;
				MARKETING_VERSION = 1.0;
				PRODUCT_BUNDLE_IDENTIFIER = name.mm.DatafileOrganizerUITests;
				PRODUCT_NAME = "$(TARGET_NAME)";
				SWIFT_EMIT_LOC_STRINGS = NO;
				SWIFT_VERSION = 5.0;
				TEST_TARGET_NAME = DatafileOrganizer;
			};
			name = Debug;
		};
		31B89FEB2CE7E8F800C6298D /* Release */ = {
			isa = XCBuildConfiguration;
			buildSettings = {
				CODE_SIGN_STYLE = Automatic;
				CURRENT_PROJECT_VERSION = 1;
				GENERATE_INFOPLIST_FILE = YES;
				MARKETING_VERSION = 1.0;
				PRODUCT_BUNDLE_IDENTIFIER = name.mm.DatafileOrganizerUITests;
				PRODUCT_NAME = "$(TARGET_NAME)";
				SWIFT_EMIT_LOC_STRINGS = NO;
				SWIFT_VERSION = 5.0;
				TEST_TARGET_NAME = DatafileOrganizer;
			};
			name = Release;
		};
/* End XCBuildConfiguration section */

/* Begin XCConfigurationList section */
		31B89FB92CE7E8F700C6298D /* Build configuration list for PBXProject "DatafileOrganizer" */ = {
			isa = XCConfigurationList;
			buildConfigurations = (
				31B89FE12CE7E8F800C6298D /* Debug */,
				31B89FE22CE7E8F800C6298D /* Release */,
			);
			defaultConfigurationIsVisible = 0;
			defaultConfigurationName = Release;
		};
		31B89FE32CE7E8F800C6298D /* Build configuration list for PBXNativeTarget "DatafileOrganizer" */ = {
			isa = XCConfigurationList;
			buildConfigurations = (
				31B89FE42CE7E8F800C6298D /* Debug */,
				31B89FE52CE7E8F800C6298D /* Release */,
			);
			defaultConfigurationIsVisible = 0;
			defaultConfigurationName = Release;
		};
		31B89FE62CE7E8F800C6298D /* Build configuration list for PBXNativeTarget "DatafileOrganizerTests" */ = {
			isa = XCConfigurationList;
			buildConfigurations = (
				31B89FE72CE7E8F800C6298D /* Debug */,
				31B89FE82CE7E8F800C6298D /* Release */,
			);
			defaultConfigurationIsVisible = 0;
			defaultConfigurationName = Release;
		};
		31B89FE92CE7E8F800C6298D /* Build configuration list for PBXNativeTarget "DatafileOrganizerUITests" */ = {
			isa = XCConfigurationList;
			buildConfigurations = (
				31B89FEA2CE7E8F800C6298D /* Debug */,
				31B89FEB2CE7E8F800C6298D /* Release */,
			);
			defaultConfigurationIsVisible = 0;
			defaultConfigurationName = Release;
		};
/* End XCConfigurationList section */
	};
	rootObject = 31B89FB62CE7E8F700C6298D /* Project object */;
}
